<?xml version="1.0" encoding="utf-8"?>
<Project ToolsVersion="4.0" xmlns="http://schemas.microsoft.com/developer/msbuild/2003">
  <ItemGroup>
    <Filter Include="util">
      <UniqueIdentifier>{4FC737F1-C7A5-4376-A066-2A32D752A2FF}</UniqueIdentifier>
      <Extensions>cpp;c;cc;cxx;c++;cppm;ixx;def;odl;idl;hpj;bat;asm;asmx</Extensions>
    </Filter>
    <Filter Include="shaders">
      <UniqueIdentifier>{67DA6AB6-F800-4c08-8B7A-83BB121AAD01}</UniqueIdentifier>
      <Extensions>rc;ico;cur;bmp;dlg;rc2;rct;bin;rgs;gif;jpg;jpeg;jpe;resx;tiff;tif;png;wav;mfcribbon-ms</Extensions>
    </Filter>
    <Filter Include="src">
      <UniqueIdentifier>{93995380-89BD-4b04-88EB-625FBE52EBFB}</UniqueIdentifier>
      <Extensions>h;hh;hpp;hxx;h++;hm;inl;inc;ipp;xsd</Extensions>
    </Filter>
  </ItemGroup>
  <ItemGroup>
    <ClCompile Include="util\objloader.cpp">
      <Filter>util</Filter>
    </ClCompile>
    <ClCompile Include="util\quaternion_utils.cpp">
      <Filter>util</Filter>
    </ClCompile>
    <ClCompile Include="util\shader.cpp">
      <Filter>util</Filter>
    </ClCompile>
    <ClCompile Include="util\tangentspace.cpp">
      <Filter>util</Filter>
    </ClCompile>
    <ClCompile Include="util\texture.cpp">
      <Filter>util</Filter>
    </ClCompile>
    <ClCompile Include="util\vboindexer.cpp">
      <Filter>util</Filter>
    </ClCompile>
    <ClCompile Include="Voxy.cpp">
      <Filter>src</Filter>
    </ClCompile>
    <ClCompile Include="Game.cpp">
      <Filter>src</Filter>
    </ClCompile>
    <ClCompile Include="Camera.cpp">
      <Filter>src</Filter>
    </ClCompile>
    <ClCompile Include="Model.cpp">
      <Filter>src</Filter>
    </ClCompile>
    <ClCompile Include="StandardShaders.cpp">
      <Filter>src</Filter>
    </ClCompile>
    <ClCompile Include="TextPrinter.cpp">
      <Filter>src</Filter>
    </ClCompile>
  </ItemGroup>
  <ItemGroup>
    <ClInclude Include="util\objloader.hpp">
      <Filter>util</Filter>
    </ClInclude>
    <ClInclude Include="util\quaternion_utils.hpp">
      <Filter>util</Filter>
    </ClInclude>
    <ClInclude Include="util\shader.hpp">
      <Filter>util</Filter>
    </ClInclude>
    <ClInclude Include="util\tangentspace.hpp">
      <Filter>util</Filter>
    </ClInclude>
    <ClInclude Include="util\texture.hpp">
      <Filter>util</Filter>
    </ClInclude>
    <ClInclude Include="util\vboindexer.hpp">
      <Filter>util</Filter>
    </ClInclude>
    <ClInclude Include="Game.h">
      <Filter>src</Filter>
    </ClInclude>
    <ClInclude Include="Camera.h">
      <Filter>src</Filter>
    </ClInclude>
    <ClInclude Include="includes.h">
      <Filter>src</Filter>
    </ClInclude>
    <ClInclude Include="Model.h">
      <Filter>src</Filter>
    </ClInclude>
    <ClInclude Include="Shaders.h">
      <Filter>src</Filter>
    </ClInclude>
    <ClInclude Include="StandardShaders.h">
      <Filter>src</Filter>
    </ClInclude>
    <ClInclude Include="TextPrinter.h">
      <Filter>src</Filter>
    </ClInclude>
  </ItemGroup>
  <ItemGroup>
    <None Include="StandardShader.frag">
      <Filter>shaders</Filter>
    </None>
    <None Include="StandardShader.vert">
      <Filter>shaders</Filter>
    </None>
    <None Include="TextShader.frag">
      <Filter>shaders</Filter>
    </None>
    <None Include="TextShader.vert">
      <Filter>shaders</Filter>
    </None>
  </ItemGroup>
</Project>